
Microsoft Visual Studio Solution File, Format Version 12.00
# Visual Studio 15
VisualStudioVersion = 15.0.28307.1000
MinimumVisualStudioVersion = 10.0.40219.1
Project("{FAE04EC0-301F-11D3-BF4B-00C04F79EFBC}") = "EmployeeManagement", "EmployeeManagement\EmployeeManagement.csproj", "{D410E65E-8417-4AD2-A8AA-CBCA82B46F0F}"
EndProject
Global
	GlobalSection(SolutionConfigurationPlatforms) = preSolution
		Debug|Any CPU = Debug|Any CPU
		Release|Any CPU = Release|Any CPU
	EndGlobalSection
	GlobalSection(ProjectConfigurationPlatforms) = postSolution
		{D410E65E-8417-4AD2-A8AA-CBCA82B46F0F}.Debug|Any CPU.ActiveCfg = Debug|Any CPU
		{D410E65E-8417-4AD2-A8AA-CBCA82B46F0F}.Debug|Any CPU.Build.0 = Debug|Any CPU
		{D410E65E-8417-4AD2-A8AA-CBCA82B46F0F}.Release|Any CPU.ActiveCfg = Release|Any CPU
		{D410E65E-8417-4AD2-A8AA-CBCA82B46F0F}.Release|Any CPU.Build.0 = Release|Any CPU
	EndGlobalSection
	GlobalSection(SolutionProperties) = preSolution
		HideSolutionNode = FALSE
	EndGlobalSection
	GlobalSection(ExtensibilityGlobals) = postSolution
		SolutionGuid = {6456ECAF-5DB4-4F98-94B3-566191B07F18}
	EndGlobalSection
EndGlobal
